// !$*UTF8*$!
{
	archiveVersion = 1;
	classes = {
	};
	objectVersion = 46;
	objects = {

/* Begin PBXBuildFile section */
		224FB04316E83E8000A4CB4F /* main.cpp in Sources */ = {isa = PBXBuildFile; fileRef = 224FB04216E83E8000A4CB4F /* main.cpp */; };
		224FB04516E83E8000A4CB4F /* Problem0010_Summation_Of_Primes.1 in CopyFiles */ = {isa = PBXBuildFile; fileRef = 224FB04416E83E8000A4CB4F /* Problem0010_Summation_Of_Primes.1 */; };
/* End PBXBuildFile section */

/* Begin PBXCopyFilesBuildPhase section */
		224FB03C16E83E8000A4CB4F /* CopyFiles */ = {
			isa = PBXCopyFilesBuildPhase;
			buildActionMask = 2147483647;
			dstPath = /usr/share/man/man1/;
			dstSubfolderSpec = 0;
			files = (
				224FB04516E83E8000A4CB4F /* Problem0010_Summation_Of_Primes.1 in CopyFiles */,
			);
			runOnlyForDeploymentPostprocessing = 1;
		};
/* End PBXCopyFilesBuildPhase section */

/* Begin PBXFileReference section */
		224FB03E16E83E8000A4CB4F /* Problem0010_Summation_Of_Primes */ = {isa = PBXFileReference; explicitFileType = "compiled.mach-o.executable"; includeInIndex = 0; path = Problem0010_Summation_Of_Primes; sourceTree = BUILT_PRODUCTS_DIR; };
		224FB04216E83E8000A4CB4F /* main.cpp */ = {isa = PBXFileReference; lastKnownFileType = sourcecode.cpp.cpp; path = main.cpp; sourceTree = "<group>"; };
		224FB04416E83E8000A4CB4F /* Problem0010_Summation_Of_Primes.1 */ = {isa = PBXFileReference; lastKnownFileType = text.man; path = Problem0010_Summation_Of_Primes.1; sourceTree = "<group>"; };
/* End PBXFileReference section */

/* Begin PBXFrameworksBuildPhase section */
		224FB03B16E83E8000A4CB4F /* Frameworks */ = {
			isa = PBXFrameworksBuildPhase;
			buildActionMask = 2147483647;
			files = (
			);
			runOnlyForDeploymentPostprocessing = 0;
		};
/* End PBXFrameworksBuildPhase section */

/* Begin PBXGroup section */
		224FB03316E83E8000A4CB4F = {
			isa = PBXGroup;
			children = (
				224FB04116E83E8000A4CB4F /* Problem0010_Summation_Of_Primes */,
				224FB03F16E83E8000A4CB4F /* Products */,
			);
			sourceTree = "<group>";
		};
		224FB03F16E83E8000A4CB4F /* Products */ = {
			isa = PBXGroup;
			children = (
				224FB03E16E83E8000A4CB4F /* Problem0010_Summation_Of_Primes */,
			);
			name = Products;
			sourceTree = "<group>";
		};
		224FB04116E83E8000A4CB4F /* Problem0010_Summation_Of_Primes */ = {
			isa = PBXGroup;
			children = (
				224FB04216E83E8000A4CB4F /* main.cpp */,
				224FB04416E83E8000A4CB4F /* Problem0010_Summation_Of_Primes.1 */,
			);
			path = Problem0010_Summation_Of_Primes;
			sourceTree = "<group>";
		};
/* End PBXGroup section */

/* Begin PBXNativeTarget section */
		224FB03D16E83E8000A4CB4F /* Problem0010_Summation_Of_Primes */ = {
			isa = PBXNativeTarget;
			buildConfigurationList = 224FB04816E83E8000A4CB4F /* Build configuration list for PBXNativeTarget "Problem0010_Summation_Of_Primes" */;
			buildPhases = (
				224FB03A16E83E8000A4CB4F /* Sources */,
				224FB03B16E83E8000A4CB4F /* Frameworks */,
				224FB03C16E83E8000A4CB4F /* CopyFiles */,
			);
			buildRules = (
			);
			dependencies = (
			);
			name = Problem0010_Summation_Of_Primes;
			productName = Problem0010_Summation_Of_Primes;
			productReference = 224FB03E16E83E8000A4CB4F /* Problem0010_Summation_Of_Primes */;
			productType = "com.apple.product-type.tool";
		};
/* End PBXNativeTarget section */

/* Begin PBXProject section */
		224FB03516E83E8000A4CB4F /* Project object */ = {
			isa = PBXProject;
			attributes = {
				LastUpgradeCheck = 0440;
				ORGANIZATIONNAME = "Stephen Weber";
			};
			buildConfigurationList = 224FB03816E83E8000A4CB4F /* Build configuration list for PBXProject "Problem0010_Summation_Of_Primes" */;
			compatibilityVersion = "Xcode 3.2";
			developmentRegion = English;
			hasScannedForEncodings = 0;
			knownRegions = (
				en,
			);
			mainGroup = 224FB03316E83E8000A4CB4F;
			productRefGroup = 224FB03F16E83E8000A4CB4F /* Products */;
			projectDirPath = "";
			projectRoot = "";
			targets = (
				224FB03D16E83E8000A4CB4F /* Problem0010_Summation_Of_Primes */,
			);
		};
/* End PBXProject section */

/* Begin PBXSourcesBuildPhase section */
		224FB03A16E83E8000A4CB4F /* Sources */ = {
			isa = PBXSourcesBuildPhase;
			buildActionMask = 2147483647;
			files = (
				224FB04316E83E8000A4CB4F /* main.cpp in Sources */,
			);
			runOnlyForDeploymentPostprocessing = 0;
		};
/* End PBXSourcesBuildPhase section */

/* Begin XCBuildConfiguration section */
		224FB04616E83E8000A4CB4F /* Debug */ = {
			isa = XCBuildConfiguration;
			buildSettings = {
				ALWAYS_SEARCH_USER_PATHS = NO;
				ARCHS = "$(ARCHS_STANDARD_64_BIT)";
				CLANG_CXX_LANGUAGE_STANDARD = "gnu++0x";
				CLANG_ENABLE_OBJC_ARC = YES;
				CLANG_WARN__DUPLICATE_METHOD_MATCH = YES;
				COPY_PHASE_STRIP = NO;
				GCC_C_LANGUAGE_STANDARD = gnu99;
				GCC_DYNAMIC_NO_PIC = NO;
				GCC_ENABLE_OBJC_EXCEPTIONS = YES;
				GCC_OPTIMIZATION_LEVEL = 0;
				GCC_PREPROCESSOR_DEFINITIONS = (
					"DEBUG=1",
					"$(inherited)",
				);
				GCC_SYMBOLS_PRIVATE_EXTERN = NO;
				GCC_WARN_64_TO_32_BIT_CONVERSION = YES;
				GCC_WARN_ABOUT_RETURN_TYPE = YES;
				GCC_WARN_UNINITIALIZED_AUTOS = YES;
				GCC_WARN_UNUSED_VARIABLE = YES;
				MACOSX_DEPLOYMENT_TARGET = 10.7;
				ONLY_ACTIVE_ARCH = YES;
				SDKROOT = macosx;
			};
			name = Debug;
		};
		224FB04716E83E8000A4CB4F /* Release */ = {
			isa = XCBuildConfiguration;
			buildSettings = {
				ALWAYS_SEARCH_USER_PATHS = NO;
				ARCHS = "$(ARCHS_STANDARD_64_BIT)";
				CLANG_CXX_LANGUAGE_STANDARD = "gnu++0x";
				CLANG_ENABLE_OBJC_ARC = YES;
				CLANG_WARN__DUPLICATE_METHOD_MATCH = YES;
				COPY_PHASE_STRIP = YES;
				DEBUG_INFORMATION_FORMAT = "dwarf-with-dsym";
				GCC_C_LANGUAGE_STANDARD = gnu99;
				GCC_ENABLE_OBJC_EXCEPTIONS = YES;
				GCC_WARN_64_TO_32_BIT_CONVERSION = YES;
				GCC_WARN_ABOUT_RETURN_TYPE = YES;
				GCC_WARN_UNINITIALIZED_AUTOS = YES;
				GCC_WARN_UNUSED_VARIABLE = YES;
				MACOSX_DEPLOYMENT_TARGET = 10.7;
				SDKROOT = macosx;
			};
			name = Release;
		};
		224FB04916E83E8000A4CB4F /* Debug */ = {
			isa = XCBuildConfiguration;
			buildSettings = {
				PRODUCT_NAME = "$(TARGET_NAME)";
			};
			name = Debug;
		};
		224FB04A16E83E8000A4CB4F /* Release */ = {
			isa = XCBuildConfiguration;
			buildSettings = {
				PRODUCT_NAME = "$(TARGET_NAME)";
			};
			name = Release;
		};
/* End XCBuildConfiguration section */

/* Begin XCConfigurationList section */
		224FB03816E83E8000A4CB4F /* Build configuration list for PBXProject "Problem0010_Summation_Of_Primes" */ = {
			isa = XCConfigurationList;
			buildConfigurations = (
				224FB04616E83E8000A4CB4F /* Debug */,
				224FB04716E83E8000A4CB4F /* Release */,
			);
			defaultConfigurationIsVisible = 0;
			defaultConfigurationName = Release;
		};
		224FB04816E83E8000A4CB4F /* Build configuration list for PBXNativeTarget "Problem0010_Summation_Of_Primes" */ = {
			isa = XCConfigurationList;
			buildConfigurations = (
				224FB04916E83E8000A4CB4F /* Debug */,
				224FB04A16E83E8000A4CB4F /* Release */,
			);
			defaultConfigurationIsVisible = 0;
		};
/* End XCConfigurationList section */
	};
	rootObject = 224FB03516E83E8000A4CB4F /* Project object */;
}
